
Microsoft Visual Studio Solution File, Format Version 12.00
# Visual Studio Version 17
VisualStudioVersion = 17.14.36221.1 d17.14
MinimumVisualStudioVersion = 10.0.40219.1
Project("{F184B08F-C81C-45F6-A57F-5ABD9991F28F}") = "Controle de Estoque", "Controle de Estoque\Controle de Estoque.vbproj", "{CB9B421B-D89B-43E6-8288-74CF26682692}"
EndProject
Global
	GlobalSection(SolutionConfigurationPlatforms) = preSolution
		Debug|Any CPU = Debug|Any CPU
		Release|Any CPU = Release|Any CPU
	EndGlobalSection
	GlobalSection(ProjectConfigurationPlatforms) = postSolution
		{CB9B421B-D89B-43E6-8288-74CF26682692}.Debug|Any CPU.ActiveCfg = Debug|Any CPU
		{CB9B421B-D89B-43E6-8288-74CF26682692}.Debug|Any CPU.Build.0 = Debug|Any CPU
		{CB9B421B-D89B-43E6-8288-74CF26682692}.Release|Any CPU.ActiveCfg = Release|Any CPU
		{CB9B421B-D89B-43E6-8288-74CF26682692}.Release|Any CPU.Build.0 = Release|Any CPU
	EndGlobalSection
	GlobalSection(SolutionProperties) = preSolution
		HideSolutionNode = FALSE
	EndGlobalSection
	GlobalSection(ExtensibilityGlobals) = postSolution
		SolutionGuid = {877D65B0-8D06-4B3C-A47E-9D610EC5F8CE}
	EndGlobalSection
EndGlobal
